
Microsoft Visual Studio Solution File, Format Version 12.00
# Visual Studio Version 16
VisualStudioVersion = 16.0.30128.74
MinimumVisualStudioVersion = 10.0.40219.1
Project("{FAE04EC0-301F-11D3-BF4B-00C04F79EFBC}") = "GothicMapViewer", "GothicMapViewer\GothicMapViewer.csproj", "{8147A793-E658-48A6-987B-D18829BC17FB}"
EndProject
Global
	GlobalSection(SolutionConfigurationPlatforms) = preSolution
		Debug|Any CPU = Debug|Any CPU
		Release|Any CPU = Release|Any CPU
	EndGlobalSection
	GlobalSection(ProjectConfigurationPlatforms) = postSolution
		{8147A793-E658-48A6-987B-D18829BC17FB}.Debug|Any CPU.ActiveCfg = Debug|Any CPU
		{8147A793-E658-48A6-987B-D18829BC17FB}.Debug|Any CPU.Build.0 = Debug|Any CPU
		{8147A793-E658-48A6-987B-D18829BC17FB}.Release|Any CPU.ActiveCfg = Release|Any CPU
		{8147A793-E658-48A6-987B-D18829BC17FB}.Release|Any CPU.Build.0 = Release|Any CPU
	EndGlobalSection
	GlobalSection(SolutionProperties) = preSolution
		HideSolutionNode = FALSE
	EndGlobalSection
	GlobalSection(ExtensibilityGlobals) = postSolution
		SolutionGuid = {2989430A-4139-4A39-B955-86659C847D26}
	EndGlobalSection
EndGlobal
